<?xml version="1.0" encoding="utf-8"?>
<Project ToolsVersion="4.0" xmlns="http://schemas.microsoft.com/developer/msbuild/2003">
  <ItemGroup>
    <Filter Include="System">
      <UniqueIdentifier>{f70c877b-86d3-44e4-9184-13a38bfdbe55}</UniqueIdentifier>
    </Filter>
    <Filter Include="Display">
      <UniqueIdentifier>{9f933468-1102-4ad2-8a1a-63eefa0c1cae}</UniqueIdentifier>
    </Filter>
    <Filter Include="Display\Shaders">
      <UniqueIdentifier>{8f9fb3c9-8c26-4644-a01a-4e0629761c9b}</UniqueIdentifier>
    </Filter>
    <Filter Include="Display\Menus">
      <UniqueIdentifier>{0b22595b-180d-4aaf-b17c-8679a86707cc}</UniqueIdentifier>
    </Filter>
    <Filter Include="System\BaseEngine">
      <UniqueIdentifier>{d0163b9d-191a-4a12-9aaa-27d3c846301e}</UniqueIdentifier>
    </Filter>
    <Filter Include="Nodes">
      <UniqueIdentifier>{6567f7bf-9582-45ae-9fd4-69f43b2ba312}</UniqueIdentifier>
    </Filter>
    <Filter Include="Stages">
      <UniqueIdentifier>{e2cb5ad9-f23b-494f-a85a-ff78a5da3737}</UniqueIdentifier>
    </Filter>
    <Filter Include="Utility">
      <UniqueIdentifier>{859a2bf4-f1e7-4855-b10d-2d915210af42}</UniqueIdentifier>
    </Filter>
    <Filter Include="Resources">
      <UniqueIdentifier>{f9b9b8eb-8fde-4b0d-8c83-2250493c6ee0}</UniqueIdentifier>
    </Filter>
  </ItemGroup>
  <ItemGroup>
    <ClInclude Include="..\System\BaseEngine\BaseStackManager.h">
      <Filter>System\BaseEngine</Filter>
    </ClInclude>
    <ClInclude Include="..\System\BaseEngine\BaseEngine.h">
      <Filter>System\BaseEngine</Filter>
    </ClInclude>
    <ClInclude Include="..\System\BaseEngine\BaseGameState.h">
      <Filter>System\BaseEngine</Filter>
    </ClInclude>
    <ClInclude Include="..\System\BaseEngine\BaseInputManager.h">
      <Filter>System\BaseEngine</Filter>
    </ClInclude>
    <ClInclude Include="..\Display\Camera.h">
      <Filter>Display</Filter>
    </ClInclude>
    <ClInclude Include="..\System\GameState.h">
      <Filter>System</Filter>
    </ClInclude>
    <ClInclude Include="..\Display\Menus\Menu.h">
      <Filter>Display\Menus</Filter>
    </ClInclude>
    <ClInclude Include="..\Display\Shaders\Shaders\Shader.h">
      <Filter>Display\Shaders</Filter>
    </ClInclude>
    <ClInclude Include="..\System\InputManager.h">
      <Filter>System</Filter>
    </ClInclude>
    <ClInclude Include="..\Display\Shaders\Shaders\TileShader.h">
      <Filter>Display\Shaders</Filter>
    </ClInclude>
    <ClInclude Include="..\System\StackManager.h">
      <Filter>System</Filter>
    </ClInclude>
    <ClInclude Include="..\lib.h">
      <Filter>System</Filter>
    </ClInclude>
    <ClInclude Include="..\Display\Shaders\Shaders\MenuShader.h">
      <Filter>Display\Shaders</Filter>
    </ClInclude>
    <ClInclude Include="..\Display\Shaders\ModelData.h">
      <Filter>Display</Filter>
    </ClInclude>
    <ClInclude Include="..\System\Engine.h">
      <Filter>System</Filter>
    </ClInclude>
    <ClInclude Include="..\Display\Shaders\ModelManager.h">
      <Filter>Display</Filter>
    </ClInclude>
    <ClInclude Include="..\Display\Environment.h">
      <Filter>Display</Filter>
    </ClInclude>
    <ClInclude Include="..\Nodes\Node.h">
      <Filter>Nodes</Filter>
    </ClInclude>
    <ClInclude Include="..\Nodes\Hero.h">
      <Filter>Nodes</Filter>
    </ClInclude>
    <ClInclude Include="..\Nodes\Mob.h">
      <Filter>Nodes</Filter>
    </ClInclude>
    <ClInclude Include="..\Nodes\Health.h">
      <Filter>Nodes</Filter>
    </ClInclude>
    <ClInclude Include="..\Display\Animation.h">
      <Filter>Display</Filter>
    </ClInclude>
    <ClInclude Include="..\Nodes\Laser.h">
      <Filter>Nodes</Filter>
    </ClInclude>
    <ClInclude Include="..\Display\Shaders\Shaders\GridShader.h">
      <Filter>Display\Shaders</Filter>
    </ClInclude>
    <ClInclude Include="..\Nodes\Enemy.h">
      <Filter>Nodes</Filter>
    </ClInclude>
    <ClInclude Include="..\Stages\EnemyWave.h">
      <Filter>Stages</Filter>
    </ClInclude>
    <ClInclude Include="..\Stages\SpawnPoint.h">
      <Filter>Stages</Filter>
    </ClInclude>
    <ClInclude Include="..\Display\MenuLoader.h">
      <Filter>Display</Filter>
    </ClInclude>
    <ClInclude Include="..\Utility\LaserCommand.h">
      <Filter>Utility</Filter>
    </ClInclude>
    <ClInclude Include="..\Utility\MCommand.h">
      <Filter>Utility</Filter>
    </ClInclude>
    <ClInclude Include="..\Utility\HeroCommand.h">
      <Filter>Utility</Filter>
    </ClInclude>
    <ClInclude Include="..\Stages\Stage.h">
      <Filter>Stages</Filter>
    </ClInclude>
    <ClInclude Include="..\Stages\Population.h">
      <Filter>Stages</Filter>
    </ClInclude>
  </ItemGroup>
  <ItemGroup>
    <ClCompile Include="..\System\Main.cpp">
      <Filter>System</Filter>
    </ClCompile>
    <ClCompile Include="..\System\Engine.cpp">
      <Filter>System</Filter>
    </ClCompile>
    <ClCompile Include="..\System\GameState.cpp">
      <Filter>System</Filter>
    </ClCompile>
    <ClCompile Include="..\Display\Menus\Menu.cpp">
      <Filter>Display\Menus</Filter>
    </ClCompile>
    <ClCompile Include="..\Display\Shaders\ModelManager.cpp">
      <Filter>Display</Filter>
    </ClCompile>
    <ClCompile Include="..\Display\Shaders\Shaders\MenuShader.cpp">
      <Filter>Display\Shaders</Filter>
    </ClCompile>
    <ClCompile Include="..\Display\Shaders\Shaders\Shader.cpp">
      <Filter>Display\Shaders</Filter>
    </ClCompile>
    <ClCompile Include="..\System\InputManager.cpp">
      <Filter>System</Filter>
    </ClCompile>
    <ClCompile Include="..\System\StackManager.cpp">
      <Filter>System</Filter>
    </ClCompile>
    <ClCompile Include="..\System\BaseEngine\BaseInputManager.cpp">
      <Filter>System\BaseEngine</Filter>
    </ClCompile>
    <ClCompile Include="..\System\BaseEngine\BaseStackManager.cpp">
      <Filter>System\BaseEngine</Filter>
    </ClCompile>
    <ClCompile Include="..\System\BaseEngine\BaseEngine.cpp">
      <Filter>System\BaseEngine</Filter>
    </ClCompile>
    <ClCompile Include="..\System\BaseEngine\BaseGameState.cpp">
      <Filter>System\BaseEngine</Filter>
    </ClCompile>
    <ClCompile Include="..\Display\Camera.cpp">
      <Filter>Display</Filter>
    </ClCompile>
    <ClCompile Include="..\Display\Shaders\Shaders\TileShader.cpp">
      <Filter>Display\Shaders</Filter>
    </ClCompile>
    <ClCompile Include="..\Display\Environment.cpp">
      <Filter>Display</Filter>
    </ClCompile>
    <ClCompile Include="..\Nodes\Node.cpp">
      <Filter>Nodes</Filter>
    </ClCompile>
    <ClCompile Include="..\Nodes\Hero.cpp">
      <Filter>Nodes</Filter>
    </ClCompile>
    <ClCompile Include="..\Nodes\Mob.cpp">
      <Filter>Nodes</Filter>
    </ClCompile>
    <ClCompile Include="..\Nodes\Health.cpp">
      <Filter>Nodes</Filter>
    </ClCompile>
    <ClCompile Include="..\Display\Animation.cpp">
      <Filter>Display</Filter>
    </ClCompile>
    <ClCompile Include="..\Nodes\Laser.cpp">
      <Filter>Nodes</Filter>
    </ClCompile>
    <ClCompile Include="..\Display\Shaders\Shaders\GridShader.cpp">
      <Filter>Display\Shaders</Filter>
    </ClCompile>
    <ClCompile Include="..\Nodes\Enemy.cpp">
      <Filter>Nodes</Filter>
    </ClCompile>
    <ClCompile Include="..\Stages\SpawnPoint.cpp">
      <Filter>Stages</Filter>
    </ClCompile>
    <ClCompile Include="..\Stages\EnemyWave.cpp">
      <Filter>Stages</Filter>
    </ClCompile>
    <ClCompile Include="..\Display\MenuLoader.cpp">
      <Filter>Display</Filter>
    </ClCompile>
    <ClCompile Include="..\Stages\Stage.cpp">
      <Filter>Stages</Filter>
    </ClCompile>
    <ClCompile Include="..\Stages\Population.cpp">
      <Filter>Stages</Filter>
    </ClCompile>
  </ItemGroup>
  <ItemGroup>
    <None Include="menulist.xml">
      <Filter>Resources</Filter>
    </None>
    <None Include="intro.xml">
      <Filter>Resources</Filter>
    </None>
  </ItemGroup>
</Project>