<?xml version="1.0" encoding="utf-8"?>
<Project ToolsVersion="4.0" xmlns="http://schemas.microsoft.com/developer/msbuild/2003">
  <ItemGroup>
    <Filter Include="+Header Files">
      <UniqueIdentifier>{93995380-89BD-4b04-88EB-625FBE52EBFB}</UniqueIdentifier>
      <Extensions>h;hpp;hxx;hm;inl;inc;xsd</Extensions>
    </Filter>
    <Filter Include="System">
      <UniqueIdentifier>{f70c877b-86d3-44e4-9184-13a38bfdbe55}</UniqueIdentifier>
    </Filter>
    <Filter Include="Display">
      <UniqueIdentifier>{9f933468-1102-4ad2-8a1a-63eefa0c1cae}</UniqueIdentifier>
    </Filter>
    <Filter Include="Display\Shaders">
      <UniqueIdentifier>{8f9fb3c9-8c26-4644-a01a-4e0629761c9b}</UniqueIdentifier>
    </Filter>
    <Filter Include="Display\Menus">
      <UniqueIdentifier>{0b22595b-180d-4aaf-b17c-8679a86707cc}</UniqueIdentifier>
    </Filter>
    <Filter Include="System\BaseEngine">
      <UniqueIdentifier>{d0163b9d-191a-4a12-9aaa-27d3c846301e}</UniqueIdentifier>
    </Filter>
  </ItemGroup>
  <ItemGroup>
    <ClInclude Include="..\System\Engine.h">
      <Filter>+Header Files</Filter>
    </ClInclude>
    <ClInclude Include="..\System\GameState.h">
      <Filter>+Header Files</Filter>
    </ClInclude>
    <ClInclude Include="..\System\BaseEngine\BaseGameState.h">
      <Filter>+Header Files</Filter>
    </ClInclude>
    <ClInclude Include="..\Display\Menus\Menu.h">
      <Filter>+Header Files</Filter>
    </ClInclude>
    <ClInclude Include="..\Display\Shaders\ModelManager.h">
      <Filter>+Header Files</Filter>
    </ClInclude>
    <ClInclude Include="..\Display\Shaders\ModelData.h">
      <Filter>+Header Files</Filter>
    </ClInclude>
    <ClInclude Include="..\Display\Shaders\Shaders\MenuShader.h">
      <Filter>+Header Files</Filter>
    </ClInclude>
    <ClInclude Include="..\Display\Shaders\Shaders\Shader.h">
      <Filter>+Header Files</Filter>
    </ClInclude>
    <ClInclude Include="..\System\BaseEngine\BaseEngine.h">
      <Filter>+Header Files</Filter>
    </ClInclude>
    <ClInclude Include="..\System\InputManager.h">
      <Filter>+Header Files</Filter>
    </ClInclude>
    <ClInclude Include="..\System\BaseEngine\BaseInputManager.h">
      <Filter>+Header Files</Filter>
    </ClInclude>
    <ClInclude Include="..\System\StackManager.h">
      <Filter>+Header Files</Filter>
    </ClInclude>
    <ClInclude Include="..\System\BaseEngine\BaseStackManager.h">
      <Filter>+Header Files</Filter>
    </ClInclude>
    <ClInclude Include="..\lib.h">
      <Filter>+Header Files</Filter>
    </ClInclude>
    <ClInclude Include="..\Display\Camera.h">
      <Filter>+Header Files</Filter>
    </ClInclude>
  </ItemGroup>
  <ItemGroup>
    <ClCompile Include="..\System\Main.cpp">
      <Filter>System</Filter>
    </ClCompile>
    <ClCompile Include="..\System\Engine.cpp">
      <Filter>System</Filter>
    </ClCompile>
    <ClCompile Include="..\System\GameState.cpp">
      <Filter>System</Filter>
    </ClCompile>
    <ClCompile Include="..\Display\Menus\Menu.cpp">
      <Filter>Display\Menus</Filter>
    </ClCompile>
    <ClCompile Include="..\Display\Shaders\ModelManager.cpp">
      <Filter>Display</Filter>
    </ClCompile>
    <ClCompile Include="..\Display\Shaders\Shaders\MenuShader.cpp">
      <Filter>Display\Shaders</Filter>
    </ClCompile>
    <ClCompile Include="..\Display\Shaders\Shaders\Shader.cpp">
      <Filter>Display\Shaders</Filter>
    </ClCompile>
    <ClCompile Include="..\System\InputManager.cpp">
      <Filter>System</Filter>
    </ClCompile>
    <ClCompile Include="..\System\StackManager.cpp">
      <Filter>System</Filter>
    </ClCompile>
    <ClCompile Include="..\System\BaseEngine\BaseInputManager.cpp">
      <Filter>System\BaseEngine</Filter>
    </ClCompile>
    <ClCompile Include="..\System\BaseEngine\BaseStackManager.cpp">
      <Filter>System\BaseEngine</Filter>
    </ClCompile>
    <ClCompile Include="..\System\BaseEngine\BaseEngine.cpp">
      <Filter>System\BaseEngine</Filter>
    </ClCompile>
    <ClCompile Include="..\System\BaseEngine\BaseGameState.cpp">
      <Filter>System\BaseEngine</Filter>
    </ClCompile>
    <ClCompile Include="..\Display\Camera.cpp">
      <Filter>Display</Filter>
    </ClCompile>
  </ItemGroup>
</Project>