<?xml version="1.0" encoding="utf-8"?>
<Project ToolsVersion="4.0" xmlns="http://schemas.microsoft.com/developer/msbuild/2003">
  <ItemGroup>
    <Filter Include="+Header Files">
      <UniqueIdentifier>{93995380-89BD-4b04-88EB-625FBE52EBFB}</UniqueIdentifier>
      <Extensions>h;hpp;hxx;hm;inl;inc;xsd</Extensions>
    </Filter>
    <Filter Include="System">
      <UniqueIdentifier>{f70c877b-86d3-44e4-9184-13a38bfdbe55}</UniqueIdentifier>
    </Filter>
    <Filter Include="Display">
      <UniqueIdentifier>{509a63fd-9e48-4866-b50e-ae3bbfd5a836}</UniqueIdentifier>
    </Filter>
    <Filter Include="Display\Shaders">
      <UniqueIdentifier>{ae4c83b2-b949-489b-a1ca-84d2255db942}</UniqueIdentifier>
    </Filter>
  </ItemGroup>
  <ItemGroup>
    <ClInclude Include="..\System\Engine.h">
      <Filter>+Header Files</Filter>
    </ClInclude>
    <ClInclude Include="..\System\lib.h">
      <Filter>+Header Files</Filter>
    </ClInclude>
    <ClInclude Include="..\Display\ModelManager.h">
      <Filter>+Header Files</Filter>
    </ClInclude>
    <ClInclude Include="..\Display\ModelData.h">
      <Filter>+Header Files</Filter>
    </ClInclude>
    <ClInclude Include="..\Display\Shaders\MenuShader.h">
      <Filter>Display\Shaders</Filter>
    </ClInclude>
    <ClInclude Include="..\Display\Shaders\Shader.h">
      <Filter>Display\Shaders</Filter>
    </ClInclude>
  </ItemGroup>
  <ItemGroup>
    <ClCompile Include="..\System\Main.cpp">
      <Filter>System</Filter>
    </ClCompile>
    <ClCompile Include="..\System\Engine.cpp">
      <Filter>System</Filter>
    </ClCompile>
    <ClCompile Include="..\Display\ModelManager.cpp">
      <Filter>Display</Filter>
    </ClCompile>
    <ClCompile Include="..\Display\Shaders\Shader.cpp">
      <Filter>Display\Shaders</Filter>
    </ClCompile>
    <ClCompile Include="..\Display\Shaders\MenuShader.cpp">
      <Filter>Display\Shaders</Filter>
    </ClCompile>
  </ItemGroup>
</Project>